{
  "version": 4,
  "terraform_version": "1.13.3",
  "serial": 21,
  "lineage": "7d0a19ab-38bf-de14-c8c9-a8374498bd03",
  "outputs": {
    "instance_id": {
      "value": "i-0b409e5c5f6cb6d2f",
      "type": "string"
    },
    "private_key": {
      "value": "-----BEGIN RSA PRIVATE KEY-----\nMIIJJwIBAAKCAgEArdZXBAC4EZY22/xcr6BqNI+VN2e8X1TT1ijaeWVAwT/BjOZ2\nXhuc/oarr54kUBagyC1dv1nYIR54dGgL5UV49TZGn6CLEz0ApWI43KXeD5uV6B8V\nukH+Ep3Nxn213pCD50uXK2Iz0QysKItDElpvhqDeRg2QkgSQ6RKfICmjNczHTwGw\n6sVX0gKZu90K5ojyYwbcMoKWI2+4pkQTfAOSb8M1PONejb0cg+satOBswMHe/bt0\np871EXDk3+lb29//CSaJB1HSfYqljo74AOG6pR1wEc3Rr+tO0HQTFwWTck46t0YN\npvQ132qU0xCd37vA0PaJ3Gw9Ssg2rp1oIsnP486h2t7xoZfqvti0F5lXGpZUc7H/\nbuDOejHaMnfq6IIK1sfFcGytkDpvA+uDiP6HiuW9PI6EYqMGkT1O0Chse/1UmaQB\nBkNQqhFXY8QtuNiTDdbNegK+mlFnH16jAkQEp7CzgTgUD6erztpE3ZhuWhfj1BIG\nhvB+2XxGt9DLqTlnPJgraU6M7Ox0xSWchPHkTrDlbyq3kW530uRYdMbE94rjto0h\nZAZLMcYUCXzSXE3zI5J5rwXUQz3WxWjnhppAHfcyz5+DMN/lh1akRlTNtvhaYXJK\noRC4mrdqc20/YUT8PINhIbjVWok8DTMwz6Ik/0fJ84kpjB620AUUhBgEml0CAwEA\nAQKCAgAH+5NEXkoVmKnNQVH6SKoH3t4RzMQ0Nn+B0p9xuqoWFbjsIPsniCoV8BY7\nOs5dFSTt/FNVQalwn+cVJWACd8W9sO/eTa+FQyRf89o7m6xOWC0ymxbS1kv2C+QS\nrNwoq8c63FhFSD2r6GKRfA+o7Jk5e/KpEd9lLSuAYHgJMJBLnKs8YA4BQe2t+auY\nmmZxPrGuxXZgJWoCl5NJo0+nvrw/QJ4VvTUu2hPQpP+1dabY1S5JxY1uVU0gr2f7\nNkqfFrKt92SMfv/k/vRqTvtpgvQgt/DZCHQMGYilfucPhBSIx7nfh6qB064To9/Q\nr28ogoUws1mSUzAfWoFUVGsfSdgvgP3X22niF+fkDWjETo3+SO2gySfhn5thkEO1\n9wCAH86FARptgww5rJwN2XxC8Ux7VHMoyHgkRnUq9YmnCIdbr4dvVyczqwKcW7jK\nG3fark5r+MCDqQO6QWC54lNtTTgNcitJIgDcNW8IFWBJPIx2mECtyK1HEjmX7i29\nmBQXxap99gdkIaYx4CDQJlygV5e/BPrdPD2JRiGvthO3an23FwLcq/Mbaaz1WHqe\nxhB8sRV8JezELrXkiD7M5f5kiRl/hNPF2+3THboqpoeAlF3xhE0Q2gGz6cThv+Kw\nHXjgvXJr8BcWPqYKY4WwqqTI+OOgGNF9qNYjI/sw+6kg8d+FqwKCAQEAyktYixfL\nmz7QR7BOlFL2mwnKB8g4uH8Li7d/YR59ZiTdkxVrmRZZ2h3JJ0s+lFJo3GAtfkg1\nGhXUFwx0VTfg0Svsu5py+IiobRV2gv1Tmewf6H1y+tw3oauGbPr+hoJkFoSEUt2G\nc9MVL7km4POvGV/ZXiocR3ORIMcoRRCrtwtZDWWoNjNTeMX2ET1duMxzPiKcYQVc\nSkmLhbTfWy2yPtLxsVO9S4rQApY5z+EeOQ79lu2DyJu23vgMubUXkVwTu5+gYZy9\nBesRLkwWEeRV5VJbImIj9sdS9YQE22KYmQ97drNiTpy5YMDsMkC8PwvtnUxtkWoS\nTVlZMTakbhQq9wKCAQEA2/zzGbtXASOJD0Pcz+klehY+wgT1IIbLWzagp5SQK7U/\ndUyng3Czu2bBFEFw8Zfhmz/G6xGKPwZPRZiFvwMUp0daIhIJeG/ZSwNKrO0DHBt8\nZfTNx8FxWdzABsSrmgHNr01fX/X/NCqZDVDsyfat01KC8d4N5dnOAyUSbp9mVBqt\nLza0oTuR2o06PsuMxVBJoSF7NKQV83wrEEI6gwPOMDYN0SWIuGxWPigWecETE2M2\n1TvGOkegZDNj74Xr6Ma5sSarawLRSjI7O/BQ7+MjCrsHXojXUGaf3GciNhQ6PzMG\n1+/bQNsZOHdeu1EqmEEth3qiDbY0sXr8AgEfrJ8cSwKCAQAVp0EACnkB0hRrSATx\nPXwmFkMo2BayMO8kcmzREXlswI9zGfzdcxYFEeEhMp2tNLECvczA0qvUcfe0y+F7\n6bJH0YLShfK+hao5mu2HkeQr+qljsmHnVkEiLgECk09BSJ28B00+rXWh2jtPU2tE\n8vCQL8FNogZK46TqNEcsNV+cBTvwAiyiOJY7vDzdlYr9p+zB/uRsQi2hygOEOVsb\nIGYO8XdresItXttrG3dut/MLOn6MdDoB9CD79uMt0aOHLKr0D18Uc7mL86BwKzbF\njYJgPJOCt6yP0sAfhZUbgo9A+vZFO2hPb9kr8RqXOnSr7vPtPWwQ/6Cb5O92JBov\nqjr7AoIBAHb2IsAXfsUu4j9PA2mrOoj63pUs+SHNwspgkCAPRqdcLCTSfwOlPoxo\n1KCPgvQine3GX1te8NOEJfoMsMbKc7DB9QvXlSd71JWsAgXhZX0dn/fCmkUbZqCh\nr3X5hJKTxxa1UI4kCQ28u2doC6RrsTRFumnxGrLhRXaN5ZnMuRliE6UkgClwfT8i\ngAzVJhrNgAOSh32//d7dlqwEJIAU3rtTf8VJ9tVEQJ78LqtIrXgefthwqpF5ilKl\nN7WfRiNq05/ouWn07BijcUTIf/w5aAm1eha1CTqBRJF7dBSqe5URkvHS004PLWRL\nqP7CtbYACQ7qUhf4ICaZyw2KbgZ7RGECggEAUWPX35NNuBLeexOVWKZ6yOOKPRvh\nMDEQmcdoNwJS9HzY+wtsapwZ4AD0XW5iYFeLld/1kRJWYhrPB+jJaHmBIO+CLaF4\nqHs9yi7o4L4GNLFkNqT90dGQcEcDrsIF+EfRs5cavRmqHASJO9PDNVxcGZBd613L\nnGwsNqp5FfqnJow9wAHNEcE8nXlMGDUHr7oXg1KFFGHZ7e84ZBARXL/d8I/MsDe5\nrR24+Xw/+lReoOn1CM2vnPlTJBAuyWqWCrfy4RnlqpvmVSRC2/gbycJhu78vSxC/\nWsZQABflXVQye+ZrfNR26zi9v2465xuibtXiOh2HI8nB2vKPlVQBOg+3kg==\n-----END RSA PRIVATE KEY-----\n",
      "type": "string",
      "sensitive": true
    },
    "public_ip": {
      "value": "43.204.30.167",
      "type": "string"
    }
  },
  "resources": [
    {
      "mode": "data",
      "type": "aws_ami",
      "name": "ubuntu",
      "provider": "provider[\"registry.terraform.io/hashicorp/aws\"]",
      "instances": [
        {
          "schema_version": 0,
          "attributes": {
            "allow_unsafe_filter": null,
            "architecture": "x86_64",
            "arn": "arn:aws:ec2:ap-south-1::image/ami-06cc5ebfb8571a147",
            "block_device_mappings": [
              {
                "device_name": "/dev/sda1",
                "ebs": {
                  "delete_on_termination": "true",
                  "encrypted": "false",
                  "iops": "0",
                  "snapshot_id": "snap-00ceaac6accfcd698",
                  "throughput": "0",
                  "volume_initialization_rate": "0",
                  "volume_size": "8",
                  "volume_type": "gp2"
                },
                "no_device": "",
                "virtual_name": ""
              },
              {
                "device_name": "/dev/sdb",
                "ebs": {},
                "no_device": "",
                "virtual_name": "ephemeral0"
              },
              {
                "device_name": "/dev/sdc",
                "ebs": {},
                "no_device": "",
                "virtual_name": "ephemeral1"
              }
            ],
            "boot_mode": "legacy-bios",
            "creation_date": "2025-06-25T05:32:35.000Z",
            "deprecation_time": "2027-06-25T05:32:35.000Z",
            "description": "Canonical, Ubuntu, 20.04, amd64 focal image",
            "ena_support": true,
            "executable_users": null,
            "filter": [
              {
                "name": "name",
                "values": [
                  "ubuntu/images/hvm-ssd/ubuntu-focal-20.04-amd64-server-*"
                ]
              },
              {
                "name": "virtualization-type",
                "values": [
                  "hvm"
                ]
              }
            ],
            "hypervisor": "xen",
            "id": "ami-06cc5ebfb8571a147",
            "image_id": "ami-06cc5ebfb8571a147",
            "image_location": "amazon/ubuntu/images/hvm-ssd/ubuntu-focal-20.04-amd64-server-20250624",
            "image_owner_alias": "amazon",
            "image_type": "machine",
            "imds_support": "",
            "include_deprecated": false,
            "kernel_id": "",
            "last_launched_time": "",
            "most_recent": true,
            "name": "ubuntu/images/hvm-ssd/ubuntu-focal-20.04-amd64-server-20250624",
            "name_regex": null,
            "owner_id": "099720109477",
            "owners": [
              "099720109477"
            ],
            "platform": "",
            "platform_details": "Linux/UNIX",
            "product_codes": [],
            "public": true,
            "ramdisk_id": "",
            "region": "ap-south-1",
            "root_device_name": "/dev/sda1",
            "root_device_type": "ebs",
            "root_snapshot_id": "snap-00ceaac6accfcd698",
            "sriov_net_support": "simple",
            "state": "available",
            "state_reason": {
              "code": "UNSET",
              "message": "UNSET"
            },
            "tags": {},
            "timeouts": null,
            "tpm_support": "",
            "uefi_data": null,
            "usage_operation": "RunInstances",
            "virtualization_type": "hvm"
          },
          "sensitive_attributes": [],
          "identity_schema_version": 0
        }
      ]
    },
    {
      "mode": "managed",
      "type": "aws_instance",
      "name": "app_server",
      "provider": "provider[\"registry.terraform.io/hashicorp/aws\"]",
      "instances": [
        {
          "schema_version": 2,
          "attributes": {
            "ami": "ami-06cc5ebfb8571a147",
            "arn": "arn:aws:ec2:ap-south-1:338658063633:instance/i-0b409e5c5f6cb6d2f",
            "associate_public_ip_address": true,
            "availability_zone": "ap-south-1a",
            "capacity_reservation_specification": [
              {
                "capacity_reservation_preference": "open",
                "capacity_reservation_target": []
              }
            ],
            "cpu_options": [
              {
                "amd_sev_snp": "",
                "core_count": 1,
                "threads_per_core": 2
              }
            ],
            "credit_specification": [
              {
                "cpu_credits": "unlimited"
              }
            ],
            "disable_api_stop": false,
            "disable_api_termination": false,
            "ebs_block_device": [],
            "ebs_optimized": false,
            "enable_primary_ipv6": null,
            "enclave_options": [
              {
                "enabled": false
              }
            ],
            "ephemeral_block_device": [],
            "force_destroy": false,
            "get_password_data": false,
            "hibernation": false,
            "host_id": "",
            "host_resource_group_arn": null,
            "iam_instance_profile": "",
            "id": "i-0b409e5c5f6cb6d2f",
            "instance_initiated_shutdown_behavior": "stop",
            "instance_lifecycle": "",
            "instance_market_options": [],
            "instance_state": "running",
            "instance_type": "t3.micro",
            "ipv6_address_count": 0,
            "ipv6_addresses": [],
            "key_name": "my-app-key-d53473b5",
            "launch_template": [],
            "maintenance_options": [
              {
                "auto_recovery": "default"
              }
            ],
            "metadata_options": [
              {
                "http_endpoint": "enabled",
                "http_protocol_ipv6": "disabled",
                "http_put_response_hop_limit": 1,
                "http_tokens": "optional",
                "instance_metadata_tags": "disabled"
              }
            ],
            "monitoring": false,
            "network_interface": [],
            "outpost_arn": "",
            "password_data": "",
            "placement_group": "",
            "placement_group_id": "",
            "placement_partition_number": 0,
            "primary_network_interface": [
              {
                "delete_on_termination": true,
                "network_interface_id": "eni-0a8c98e61a9c101ed"
              }
            ],
            "primary_network_interface_id": "eni-0a8c98e61a9c101ed",
            "private_dns": "ip-10-0-1-11.ap-south-1.compute.internal",
            "private_dns_name_options": [
              {
                "enable_resource_name_dns_a_record": false,
                "enable_resource_name_dns_aaaa_record": false,
                "hostname_type": "ip-name"
              }
            ],
            "private_ip": "10.0.1.11",
            "public_dns": "ec2-43-204-30-167.ap-south-1.compute.amazonaws.com",
            "public_ip": "43.204.30.167",
            "region": "ap-south-1",
            "root_block_device": [
              {
                "delete_on_termination": true,
                "device_name": "/dev/sda1",
                "encrypted": false,
                "iops": 100,
                "kms_key_id": "",
                "tags": {},
                "tags_all": {},
                "throughput": 0,
                "volume_id": "vol-012350f33ad74b8b9",
                "volume_size": 8,
                "volume_type": "gp2"
              }
            ],
            "secondary_private_ips": [],
            "security_groups": [],
            "source_dest_check": true,
            "spot_instance_request_id": "",
            "subnet_id": "subnet-098f7f6ca838c2d34",
            "tags": {
              "Name": "devops-app-app-server",
              "Project": "devops-app"
            },
            "tags_all": {
              "Name": "devops-app-app-server",
              "Project": "devops-app"
            },
            "tenancy": "default",
            "timeouts": null,
            "user_data": null,
            "user_data_base64": null,
            "user_data_replace_on_change": false,
            "volume_tags": null,
            "vpc_security_group_ids": [
              "sg-06917f358cadef600",
              "sg-091054fed01b8fedf",
              "sg-0ed5b7c892c745801"
            ]
          },
          "sensitive_attributes": [],
          "identity_schema_version": 0,
          "identity": {
            "account_id": "338658063633",
            "id": "i-0b409e5c5f6cb6d2f",
            "region": "ap-south-1"
          },
          "private": "eyJlMmJmYjczMC1lY2FhLTExZTYtOGY4OC0zNDM2M2JjN2M0YzAiOnsiY3JlYXRlIjo2MDAwMDAwMDAwMDAsImRlbGV0ZSI6MTIwMDAwMDAwMDAwMCwicmVhZCI6OTAwMDAwMDAwMDAwLCJ1cGRhdGUiOjYwMDAwMDAwMDAwMH0sInNjaGVtYV92ZXJzaW9uIjoiMiJ9",
          "dependencies": [
            "aws_key_pair.app_kp",
            "aws_security_group.monitoring_sg",
            "aws_security_group.ssh_sg",
            "aws_security_group.web_app_sg",
            "aws_subnet.public",
            "aws_vpc.main",
            "data.aws_ami.ubuntu",
            "random_id.suffix",
            "tls_private_key.app_key"
          ]
        }
      ]
    },
    {
      "mode": "managed",
      "type": "aws_internet_gateway",
      "name": "main",
      "provider": "provider[\"registry.terraform.io/hashicorp/aws\"]",
      "instances": [
        {
          "schema_version": 0,
          "attributes": {
            "arn": "arn:aws:ec2:ap-south-1:338658063633:internet-gateway/igw-0a5d6c7408082a199",
            "id": "igw-0a5d6c7408082a199",
            "owner_id": "338658063633",
            "region": "ap-south-1",
            "tags": {
              "Name": "devops-app-igw"
            },
            "tags_all": {
              "Name": "devops-app-igw"
            },
            "timeouts": null,
            "vpc_id": "vpc-009b3a1c457dcf13d"
          },
          "sensitive_attributes": [],
          "identity_schema_version": 0,
          "private": "eyJlMmJmYjczMC1lY2FhLTExZTYtOGY4OC0zNDM2M2JjN2M0YzAiOnsiY3JlYXRlIjoxMjAwMDAwMDAwMDAwLCJkZWxldGUiOjEyMDAwMDAwMDAwMDAsInVwZGF0ZSI6MTIwMDAwMDAwMDAwMH19",
          "dependencies": [
            "aws_vpc.main"
          ]
        }
      ]
    },
    {
      "mode": "managed",
      "type": "aws_key_pair",
      "name": "app_kp",
      "provider": "provider[\"registry.terraform.io/hashicorp/aws\"]",
      "instances": [
        {
          "schema_version": 1,
          "attributes": {
            "arn": "arn:aws:ec2:ap-south-1:338658063633:key-pair/my-app-key-d53473b5",
            "fingerprint": "2b:04:34:65:39:b1:b8:39:da:fb:0b:36:34:db:f8:61",
            "id": "my-app-key-d53473b5",
            "key_name": "my-app-key-d53473b5",
            "key_name_prefix": "",
            "key_pair_id": "key-08be3f0d35c365ff3",
            "key_type": "rsa",
            "public_key": "ssh-rsa AAAAB3NzaC1yc2EAAAADAQABAAACAQCt1lcEALgRljbb/FyvoGo0j5U3Z7xfVNPWKNp5ZUDBP8GM5nZeG5z+hquvniRQFqDILV2/WdghHnh0aAvlRXj1NkafoIsTPQClYjjcpd4Pm5XoHxW6Qf4Snc3GfbXekIPnS5crYjPRDKwoi0MSWm+GoN5GDZCSBJDpEp8gKaM1zMdPAbDqxVfSApm73QrmiPJjBtwygpYjb7imRBN8A5JvwzU8416NvRyD6xq04GzAwd79u3SnzvURcOTf6Vvb3/8JJokHUdJ9iqWOjvgA4bqlHXARzdGv607QdBMXBZNyTjq3Rg2m9DXfapTTEJ3fu8DQ9oncbD1KyDaunWgiyc/jzqHa3vGhl+q+2LQXmVcallRzsf9u4M56Mdoyd+roggrWx8VwbK2QOm8D64OI/oeK5b08joRiowaRPU7QKGx7/VSZpAEGQ1CqEVdjxC242JMN1s16Ar6aUWcfXqMCRASnsLOBOBQPp6vO2kTdmG5aF+PUEgaG8H7ZfEa30MupOWc8mCtpTozs7HTFJZyE8eROsOVvKreRbnfS5Fh0xsT3iuO2jSFkBksxxhQJfNJcTfMjknmvBdRDPdbFaOeGmkAd9zLPn4Mw3+WHVqRGVM22+FphckqhELiat2pzbT9hRPw8g2EhuNVaiTwNMzDPoiT/R8nziSmMHrbQBRSEGASaXQ==",
            "region": "ap-south-1",
            "tags": null,
            "tags_all": {}
          },
          "sensitive_attributes": [],
          "identity_schema_version": 0,
          "private": "eyJzY2hlbWFfdmVyc2lvbiI6IjEifQ==",
          "dependencies": [
            "random_id.suffix",
            "tls_private_key.app_key"
          ]
        }
      ]
    },
    {
      "mode": "managed",
      "type": "aws_key_pair",
      "name": "generated_key",
      "provider": "provider[\"registry.terraform.io/hashicorp/aws\"]",
      "instances": [
        {
          "schema_version": 1,
          "attributes": {
            "arn": "arn:aws:ec2:ap-south-1:338658063633:key-pair/devops-app-key",
            "fingerprint": "34:51:c4:bc:7a:87:46:d7:cb:0c:08:d0:e2:7e:fb:e6",
            "id": "devops-app-key",
            "key_name": "devops-app-key",
            "key_name_prefix": "",
            "key_pair_id": "key-04c089f057a59b474",
            "key_type": "rsa",
            "public_key": "ssh-rsa AAAAB3NzaC1yc2EAAAADAQABAAACAQC8mgX5VaJsB7Fbpz8Lh8gHrf2bYJPfavGuIdMFoiOdBup7O9JKzwvz6x1gVvq+zyKQnK/V8opQdySIyChzwZBXaGLUkJBMTdRj0h1mC9CNAZ/HRlQmrVbEan4OxAG2b6DvCvohoaRs6JE2+OnsUZHF6gEc/RLL93DJvqO35dSlGsKtJV4NWzwpkhFFoQTwx2s4C8FeDyFCXxFB+BpOgZuuzO/ZCNF5gPaul+lVypSILW4iiwinN/scJ81CbFqTTB8goD4rCGMSCedUeR2ScWqioZo6FT3+auSlh928zP8Zd4WhFGTtfEjKx2wjGYFuzj0ggEOWqe6odWnAoM6B9cQT/m+WzsI1yZpZomj2gd8MJGhZGWXvy3cV+C2cLvkSMPq3q7Eh8nqRLOyTBFj3t2FBWHIJs7sgAOqV9sLxu1dYtBciXfIuMcsU4DYw/eQv1p+kwFW1ySWdcQuVbM+IH7mIS/Fhbn3Tfql9YXYzjSXPjDsBWN3zJT2YvD9WqEF3bIp+6XCXQwIcMwyZf/LVYXIAg/Xikd1WNhaITcVxS6hlxNFX4iK+sLRE0rzfHJCoiozCeiKBxB6n4lR1vEDwX/Oj5jml945GIpQpbKufv31JCZ6kkNAe2EED8XnkDAIqh28jZszfwH13CJMPshBvO39tQlWtSVmrWhl/TpuehnEiMQ== ajeaybastann7999@gmail.com",
            "region": "ap-south-1",
            "tags": {},
            "tags_all": {}
          },
          "sensitive_attributes": [],
          "identity_schema_version": 0,
          "private": "eyJzY2hlbWFfdmVyc2lvbiI6IjEifQ=="
        }
      ]
    },
    {
      "mode": "managed",
      "type": "aws_route_table",
      "name": "public",
      "provider": "provider[\"registry.terraform.io/hashicorp/aws\"]",
      "instances": [
        {
          "schema_version": 0,
          "attributes": {
            "arn": "arn:aws:ec2:ap-south-1:338658063633:route-table/rtb-09c1c5b89b3e926f6",
            "id": "rtb-09c1c5b89b3e926f6",
            "owner_id": "338658063633",
            "propagating_vgws": [],
            "region": "ap-south-1",
            "route": [
              {
                "carrier_gateway_id": "",
                "cidr_block": "0.0.0.0/0",
                "core_network_arn": "",
                "destination_prefix_list_id": "",
                "egress_only_gateway_id": "",
                "gateway_id": "igw-0a5d6c7408082a199",
                "ipv6_cidr_block": "",
                "local_gateway_id": "",
                "nat_gateway_id": "",
                "network_interface_id": "",
                "transit_gateway_id": "",
                "vpc_endpoint_id": "",
                "vpc_peering_connection_id": ""
              }
            ],
            "tags": {
              "Name": "devops-app-public-rt"
            },
            "tags_all": {
              "Name": "devops-app-public-rt"
            },
            "timeouts": null,
            "vpc_id": "vpc-009b3a1c457dcf13d"
          },
          "sensitive_attributes": [],
          "identity_schema_version": 0,
          "identity": {
            "account_id": "338658063633",
            "id": "rtb-09c1c5b89b3e926f6",
            "region": "ap-south-1"
          },
          "private": "eyJlMmJmYjczMC1lY2FhLTExZTYtOGY4OC0zNDM2M2JjN2M0YzAiOnsiY3JlYXRlIjozMDAwMDAwMDAwMDAsImRlbGV0ZSI6MzAwMDAwMDAwMDAwLCJ1cGRhdGUiOjEyMDAwMDAwMDAwMH19",
          "dependencies": [
            "aws_internet_gateway.main",
            "aws_vpc.main"
          ]
        }
      ]
    },
    {
      "mode": "managed",
      "type": "aws_route_table_association",
      "name": "public",
      "provider": "provider[\"registry.terraform.io/hashicorp/aws\"]",
      "instances": [
        {
          "schema_version": 0,
          "attributes": {
            "gateway_id": "",
            "id": "rtbassoc-08f4c52f490971a6b",
            "region": "ap-south-1",
            "route_table_id": "rtb-09c1c5b89b3e926f6",
            "subnet_id": "subnet-098f7f6ca838c2d34",
            "timeouts": null
          },
          "sensitive_attributes": [],
          "identity_schema_version": 0,
          "private": "eyJlMmJmYjczMC1lY2FhLTExZTYtOGY4OC0zNDM2M2JjN2M0YzAiOnsiY3JlYXRlIjozMDAwMDAwMDAwMDAsImRlbGV0ZSI6MzAwMDAwMDAwMDAwLCJ1cGRhdGUiOjEyMDAwMDAwMDAwMH19",
          "dependencies": [
            "aws_internet_gateway.main",
            "aws_route_table.public",
            "aws_subnet.public",
            "aws_vpc.main"
          ]
        }
      ]
    },
    {
      "mode": "managed",
      "type": "aws_security_group",
      "name": "monitoring_sg",
      "provider": "provider[\"registry.terraform.io/hashicorp/aws\"]",
      "instances": [
        {
          "schema_version": 1,
          "attributes": {
            "arn": "arn:aws:ec2:ap-south-1:338658063633:security-group/sg-06917f358cadef600",
            "description": "Allow Prometheus and Grafana access",
            "egress": [
              {
                "cidr_blocks": [
                  "0.0.0.0/0"
                ],
                "description": "",
                "from_port": 0,
                "ipv6_cidr_blocks": [],
                "prefix_list_ids": [],
                "protocol": "-1",
                "security_groups": [],
                "self": false,
                "to_port": 0
              }
            ],
            "id": "sg-06917f358cadef600",
            "ingress": [
              {
                "cidr_blocks": [
                  "0.0.0.0/0"
                ],
                "description": "",
                "from_port": 3000,
                "ipv6_cidr_blocks": [],
                "prefix_list_ids": [],
                "protocol": "tcp",
                "security_groups": [],
                "self": false,
                "to_port": 3000
              },
              {
                "cidr_blocks": [
                  "0.0.0.0/0"
                ],
                "description": "",
                "from_port": 9090,
                "ipv6_cidr_blocks": [],
                "prefix_list_ids": [],
                "protocol": "tcp",
                "security_groups": [],
                "self": false,
                "to_port": 9090
              },
              {
                "cidr_blocks": [
                  "0.0.0.0/0"
                ],
                "description": "",
                "from_port": 9100,
                "ipv6_cidr_blocks": [],
                "prefix_list_ids": [],
                "protocol": "tcp",
                "security_groups": [],
                "self": false,
                "to_port": 9100
              }
            ],
            "name": "devops-app-monitoring-sg",
            "name_prefix": "",
            "owner_id": "338658063633",
            "region": "ap-south-1",
            "revoke_rules_on_delete": false,
            "tags": {
              "Name": "devops-app-monitoring-sg"
            },
            "tags_all": {
              "Name": "devops-app-monitoring-sg"
            },
            "timeouts": null,
            "vpc_id": "vpc-009b3a1c457dcf13d"
          },
          "sensitive_attributes": [],
          "identity_schema_version": 0,
          "identity": {
            "account_id": "338658063633",
            "id": "sg-06917f358cadef600",
            "region": "ap-south-1"
          },
          "private": "eyJlMmJmYjczMC1lY2FhLTExZTYtOGY4OC0zNDM2M2JjN2M0YzAiOnsiY3JlYXRlIjo2MDAwMDAwMDAwMDAsImRlbGV0ZSI6OTAwMDAwMDAwMDAwfSwic2NoZW1hX3ZlcnNpb24iOiIxIn0=",
          "dependencies": [
            "aws_vpc.main"
          ]
        }
      ]
    },
    {
      "mode": "managed",
      "type": "aws_security_group",
      "name": "ssh_sg",
      "provider": "provider[\"registry.terraform.io/hashicorp/aws\"]",
      "instances": [
        {
          "schema_version": 1,
          "attributes": {
            "arn": "arn:aws:ec2:ap-south-1:338658063633:security-group/sg-0ed5b7c892c745801",
            "description": "Allow SSH inbound traffic",
            "egress": [
              {
                "cidr_blocks": [
                  "0.0.0.0/0"
                ],
                "description": "",
                "from_port": 0,
                "ipv6_cidr_blocks": [],
                "prefix_list_ids": [],
                "protocol": "-1",
                "security_groups": [],
                "self": false,
                "to_port": 0
              }
            ],
            "id": "sg-0ed5b7c892c745801",
            "ingress": [
              {
                "cidr_blocks": [
                  "0.0.0.0/0"
                ],
                "description": "",
                "from_port": 22,
                "ipv6_cidr_blocks": [],
                "prefix_list_ids": [],
                "protocol": "tcp",
                "security_groups": [],
                "self": false,
                "to_port": 22
              }
            ],
            "name": "devops-app-ssh-sg",
            "name_prefix": "",
            "owner_id": "338658063633",
            "region": "ap-south-1",
            "revoke_rules_on_delete": false,
            "tags": {
              "Name": "devops-app-ssh-sg"
            },
            "tags_all": {
              "Name": "devops-app-ssh-sg"
            },
            "timeouts": null,
            "vpc_id": "vpc-009b3a1c457dcf13d"
          },
          "sensitive_attributes": [],
          "identity_schema_version": 0,
          "identity": {
            "account_id": "338658063633",
            "id": "sg-0ed5b7c892c745801",
            "region": "ap-south-1"
          },
          "private": "eyJlMmJmYjczMC1lY2FhLTExZTYtOGY4OC0zNDM2M2JjN2M0YzAiOnsiY3JlYXRlIjo2MDAwMDAwMDAwMDAsImRlbGV0ZSI6OTAwMDAwMDAwMDAwfSwic2NoZW1hX3ZlcnNpb24iOiIxIn0=",
          "dependencies": [
            "aws_vpc.main"
          ]
        }
      ]
    },
    {
      "mode": "managed",
      "type": "aws_security_group",
      "name": "web_app_sg",
      "provider": "provider[\"registry.terraform.io/hashicorp/aws\"]",
      "instances": [
        {
          "schema_version": 1,
          "attributes": {
            "arn": "arn:aws:ec2:ap-south-1:338658063633:security-group/sg-091054fed01b8fedf",
            "description": "Allow HTTP inbound traffic to web app (port 5000)",
            "egress": [
              {
                "cidr_blocks": [
                  "0.0.0.0/0"
                ],
                "description": "",
                "from_port": 0,
                "ipv6_cidr_blocks": [],
                "prefix_list_ids": [],
                "protocol": "-1",
                "security_groups": [],
                "self": false,
                "to_port": 0
              }
            ],
            "id": "sg-091054fed01b8fedf",
            "ingress": [
              {
                "cidr_blocks": [
                  "0.0.0.0/0"
                ],
                "description": "",
                "from_port": 5000,
                "ipv6_cidr_blocks": [],
                "prefix_list_ids": [],
                "protocol": "tcp",
                "security_groups": [],
                "self": false,
                "to_port": 5000
              }
            ],
            "name": "devops-app-web-app-sg",
            "name_prefix": "",
            "owner_id": "338658063633",
            "region": "ap-south-1",
            "revoke_rules_on_delete": false,
            "tags": {
              "Name": "devops-app-web-app-sg"
            },
            "tags_all": {
              "Name": "devops-app-web-app-sg"
            },
            "timeouts": null,
            "vpc_id": "vpc-009b3a1c457dcf13d"
          },
          "sensitive_attributes": [],
          "identity_schema_version": 0,
          "identity": {
            "account_id": "338658063633",
            "id": "sg-091054fed01b8fedf",
            "region": "ap-south-1"
          },
          "private": "eyJlMmJmYjczMC1lY2FhLTExZTYtOGY4OC0zNDM2M2JjN2M0YzAiOnsiY3JlYXRlIjo2MDAwMDAwMDAwMDAsImRlbGV0ZSI6OTAwMDAwMDAwMDAwfSwic2NoZW1hX3ZlcnNpb24iOiIxIn0=",
          "dependencies": [
            "aws_vpc.main"
          ]
        }
      ]
    },
    {
      "mode": "managed",
      "type": "aws_subnet",
      "name": "public",
      "provider": "provider[\"registry.terraform.io/hashicorp/aws\"]",
      "instances": [
        {
          "schema_version": 1,
          "attributes": {
            "arn": "arn:aws:ec2:ap-south-1:338658063633:subnet/subnet-098f7f6ca838c2d34",
            "assign_ipv6_address_on_creation": false,
            "availability_zone": "ap-south-1a",
            "availability_zone_id": "aps1-az1",
            "cidr_block": "10.0.1.0/24",
            "customer_owned_ipv4_pool": "",
            "enable_dns64": false,
            "enable_lni_at_device_index": 0,
            "enable_resource_name_dns_a_record_on_launch": false,
            "enable_resource_name_dns_aaaa_record_on_launch": false,
            "id": "subnet-098f7f6ca838c2d34",
            "ipv6_cidr_block": "",
            "ipv6_cidr_block_association_id": "",
            "ipv6_native": false,
            "map_customer_owned_ip_on_launch": false,
            "map_public_ip_on_launch": true,
            "outpost_arn": "",
            "owner_id": "338658063633",
            "private_dns_hostname_type_on_launch": "ip-name",
            "region": "ap-south-1",
            "tags": {
              "Name": "devops-app-public-subnet"
            },
            "tags_all": {
              "Name": "devops-app-public-subnet"
            },
            "timeouts": null,
            "vpc_id": "vpc-009b3a1c457dcf13d"
          },
          "sensitive_attributes": [],
          "identity_schema_version": 0,
          "identity": {
            "account_id": "338658063633",
            "id": "subnet-098f7f6ca838c2d34",
            "region": "ap-south-1"
          },
          "private": "eyJlMmJmYjczMC1lY2FhLTExZTYtOGY4OC0zNDM2M2JjN2M0YzAiOnsiY3JlYXRlIjo2MDAwMDAwMDAwMDAsImRlbGV0ZSI6MTIwMDAwMDAwMDAwMH0sInNjaGVtYV92ZXJzaW9uIjoiMSJ9",
          "dependencies": [
            "aws_vpc.main"
          ]
        }
      ]
    },
    {
      "mode": "managed",
      "type": "aws_vpc",
      "name": "main",
      "provider": "provider[\"registry.terraform.io/hashicorp/aws\"]",
      "instances": [
        {
          "schema_version": 1,
          "attributes": {
            "arn": "arn:aws:ec2:ap-south-1:338658063633:vpc/vpc-009b3a1c457dcf13d",
            "assign_generated_ipv6_cidr_block": false,
            "cidr_block": "10.0.0.0/16",
            "default_network_acl_id": "acl-073ef78d740f8d01d",
            "default_route_table_id": "rtb-03502a796bb000849",
            "default_security_group_id": "sg-05aec9b324f63c80e",
            "dhcp_options_id": "dopt-0db4125b6095067c8",
            "enable_dns_hostnames": true,
            "enable_dns_support": true,
            "enable_network_address_usage_metrics": false,
            "id": "vpc-009b3a1c457dcf13d",
            "instance_tenancy": "default",
            "ipv4_ipam_pool_id": null,
            "ipv4_netmask_length": null,
            "ipv6_association_id": "",
            "ipv6_cidr_block": "",
            "ipv6_cidr_block_network_border_group": "",
            "ipv6_ipam_pool_id": "",
            "ipv6_netmask_length": 0,
            "main_route_table_id": "rtb-03502a796bb000849",
            "owner_id": "338658063633",
            "region": "ap-south-1",
            "tags": {
              "Name": "devops-app-vpc"
            },
            "tags_all": {
              "Name": "devops-app-vpc"
            }
          },
          "sensitive_attributes": [],
          "identity_schema_version": 0,
          "identity": {
            "account_id": "338658063633",
            "id": "vpc-009b3a1c457dcf13d",
            "region": "ap-south-1"
          },
          "private": "eyJzY2hlbWFfdmVyc2lvbiI6IjEifQ=="
        }
      ]
    },
    {
      "mode": "managed",
      "type": "random_id",
      "name": "suffix",
      "provider": "provider[\"registry.terraform.io/hashicorp/random\"]",
      "instances": [
        {
          "schema_version": 0,
          "attributes": {
            "b64_std": "1TRztQ==",
            "b64_url": "1TRztQ",
            "byte_length": 4,
            "dec": "3576984501",
            "hex": "d53473b5",
            "id": "1TRztQ",
            "keepers": null,
            "prefix": null
          },
          "sensitive_attributes": [],
          "identity_schema_version": 0
        }
      ]
    },
    {
      "mode": "managed",
      "type": "tls_private_key",
      "name": "app_key",
      "provider": "provider[\"registry.terraform.io/hashicorp/tls\"]",
      "instances": [
        {
          "schema_version": 1,
          "attributes": {
            "algorithm": "RSA",
            "ecdsa_curve": "P224",
            "id": "1b81947a818756153d45af98008290cb42ef2197",
            "private_key_openssh": "-----BEGIN OPENSSH PRIVATE KEY-----\nb3BlbnNzaC1rZXktdjEAAAAABG5vbmUAAAAEbm9uZQAAAAAAAAABAAACFwAAAAdz\nc2gtcnNhAAAAAwEAAQAAAgEArdZXBAC4EZY22/xcr6BqNI+VN2e8X1TT1ijaeWVA\nwT/BjOZ2Xhuc/oarr54kUBagyC1dv1nYIR54dGgL5UV49TZGn6CLEz0ApWI43KXe\nD5uV6B8VukH+Ep3Nxn213pCD50uXK2Iz0QysKItDElpvhqDeRg2QkgSQ6RKfICmj\nNczHTwGw6sVX0gKZu90K5ojyYwbcMoKWI2+4pkQTfAOSb8M1PONejb0cg+satOBs\nwMHe/bt0p871EXDk3+lb29//CSaJB1HSfYqljo74AOG6pR1wEc3Rr+tO0HQTFwWT\nck46t0YNpvQ132qU0xCd37vA0PaJ3Gw9Ssg2rp1oIsnP486h2t7xoZfqvti0F5lX\nGpZUc7H/buDOejHaMnfq6IIK1sfFcGytkDpvA+uDiP6HiuW9PI6EYqMGkT1O0Chs\ne/1UmaQBBkNQqhFXY8QtuNiTDdbNegK+mlFnH16jAkQEp7CzgTgUD6erztpE3Zhu\nWhfj1BIGhvB+2XxGt9DLqTlnPJgraU6M7Ox0xSWchPHkTrDlbyq3kW530uRYdMbE\n94rjto0hZAZLMcYUCXzSXE3zI5J5rwXUQz3WxWjnhppAHfcyz5+DMN/lh1akRlTN\ntvhaYXJKoRC4mrdqc20/YUT8PINhIbjVWok8DTMwz6Ik/0fJ84kpjB620AUUhBgE\nml0AAAc4bQktgm0JLYIAAAAHc3NoLXJzYQAAAgEArdZXBAC4EZY22/xcr6BqNI+V\nN2e8X1TT1ijaeWVAwT/BjOZ2Xhuc/oarr54kUBagyC1dv1nYIR54dGgL5UV49TZG\nn6CLEz0ApWI43KXeD5uV6B8VukH+Ep3Nxn213pCD50uXK2Iz0QysKItDElpvhqDe\nRg2QkgSQ6RKfICmjNczHTwGw6sVX0gKZu90K5ojyYwbcMoKWI2+4pkQTfAOSb8M1\nPONejb0cg+satOBswMHe/bt0p871EXDk3+lb29//CSaJB1HSfYqljo74AOG6pR1w\nEc3Rr+tO0HQTFwWTck46t0YNpvQ132qU0xCd37vA0PaJ3Gw9Ssg2rp1oIsnP486h\n2t7xoZfqvti0F5lXGpZUc7H/buDOejHaMnfq6IIK1sfFcGytkDpvA+uDiP6HiuW9\nPI6EYqMGkT1O0Chse/1UmaQBBkNQqhFXY8QtuNiTDdbNegK+mlFnH16jAkQEp7Cz\ngTgUD6erztpE3ZhuWhfj1BIGhvB+2XxGt9DLqTlnPJgraU6M7Ox0xSWchPHkTrDl\nbyq3kW530uRYdMbE94rjto0hZAZLMcYUCXzSXE3zI5J5rwXUQz3WxWjnhppAHfcy\nz5+DMN/lh1akRlTNtvhaYXJKoRC4mrdqc20/YUT8PINhIbjVWok8DTMwz6Ik/0fJ\n84kpjB620AUUhBgEml0AAAADAQABAAACAAf7k0ReShWYqc1BUfpIqgfe3hHMxDQ2\nf4HSn3G6qhYVuOwg+yeIKhXwFjs6zl0VJO38U1VBqXCf5xUlYAJ3xb2w795Nr4VD\nJF/z2jubrE5YLTKbFtLWS/YL5BKs3CirxzrcWEVIPavoYpF8D6jsmTl78qkR32Ut\nK4BgeAkwkEucqzxgDgFB7a35q5iaZnE+sa7FdmAlagKXk0mjT6e+vD9AnhW9NS7a\nE9Ck/7V1ptjVLknFjW5VTSCvZ/s2Sp8Wsq33ZIx+/+T+9GpO+2mC9CC38NkIdAwZ\niKV+5w+EFIjHud+HqoHTrhOj39CvbyiChTCzWZJTMB9agVRUax9J2C+A/dfbaeIX\n5+QNaMROjf5I7aDJJ+Gfm2GQQ7X3AIAfzoUBGm2DDDmsnA3ZfELxTHtUcyjIeCRG\ndSr1iacIh1uvh29XJzOrApxbuMobd9quTmv4wIOpA7pBYLniU21NOA1yK0kiANw1\nbwgVYEk8jHaYQK3IrUcSOZfuLb2YFBfFqn32B2QhpjHgINAmXKBXl78E+t08PYlG\nIa+2E7dqfbcXAtyr8xtprPVYep7GEHyxFXwl7MQuteSIPszl/mSJGX+E08Xb7dMd\nuiqmh4CUXfGETRDaAbPpxOG/4rAdeOC9cmvwFxY+pgpjhbCqpMj446AY0X2o1iMj\n+zD7qSDx34WrAAABAFFj19+TTbgS3nsTlVimesjjij0b4TAxEJnHaDcCUvR82PsL\nbGqcGeAA9F1uYmBXi5Xf9ZESVmIazwfoyWh5gSDvgi2heKh7Pcou6OC+BjSxZDak\n/dHRkHBHA67CBfhH0bOXGr0ZqhwEiTvTwzVcXBmQXetdy5xsLDaqeRX6pyaMPcAB\nzRHBPJ15TBg1B6+6F4NShRRh2e3vOGQQEVy/3fCPzLA3ua0duPl8P/pUXqDp9QjN\nr5z5UyQQLslqlgq38uEZ5aqb5lUkQtv4G8nCYbu/L0sQv1rGUAAX5V1UMnvma3zU\ndus4vb9uOucbom7V4jodhyPJwdryj5VUAToPt5IAAAEBAMpLWIsXy5s+0EewTpRS\n9psJygfIOLh/C4u3f2EefWYk3ZMVa5kWWdodySdLPpRSaNxgLX5INRoV1BcMdFU3\n4NEr7LuacviIqG0VdoL9U5nsH+h9cvrcN6Grhmz6/oaCZBaEhFLdhnPTFS+5JuDz\nrxlf2V4qHEdzkSDHKEUQq7cLWQ1lqDYzU3jF9hE9XbjMcz4inGEFXEpJi4W031st\nsj7S8bFTvUuK0AKWOc/hHjkO/Zbtg8ibtt74DLm1F5FcE7ufoGGcvQXrES5MFhHk\nVeVSWyJiI/bHUvWEBNtimJkPe3azYk6cuWDA7DJAvD8L7Z1MbZFqEk1ZWTE2pG4U\nKvcAAAEBANv88xm7VwEjiQ9D3M/pJXoWPsIE9SCGy1s2oKeUkCu1P3VMp4Nws7tm\nwRRBcPGX4Zs/xusRij8GT0WYhb8DFKdHWiISCXhv2UsDSqztAxwbfGX0zcfBcVnc\nwAbEq5oBza9NX1/1/zQqmQ1Q7Mn2rdNSgvHeDeXZzgMlEm6fZlQarS82tKE7kdqN\nOj7LjMVQSaEhezSkFfN8KxBCOoMDzjA2DdEliLhsVj4oFnnBExNjNtU7xjpHoGQz\nY++F6+jGubEmq2sC0UoyOzvwUO/jIwq7B16I11Bmn9xnIjYUOj8zBtfv20DbGTh3\nXrtRKphBLYd6og22NLF6/AIBH6yfHEsAAAAAAQID\n-----END OPENSSH PRIVATE KEY-----\n",
            "private_key_pem": "-----BEGIN RSA PRIVATE KEY-----\nMIIJJwIBAAKCAgEArdZXBAC4EZY22/xcr6BqNI+VN2e8X1TT1ijaeWVAwT/BjOZ2\nXhuc/oarr54kUBagyC1dv1nYIR54dGgL5UV49TZGn6CLEz0ApWI43KXeD5uV6B8V\nukH+Ep3Nxn213pCD50uXK2Iz0QysKItDElpvhqDeRg2QkgSQ6RKfICmjNczHTwGw\n6sVX0gKZu90K5ojyYwbcMoKWI2+4pkQTfAOSb8M1PONejb0cg+satOBswMHe/bt0\np871EXDk3+lb29//CSaJB1HSfYqljo74AOG6pR1wEc3Rr+tO0HQTFwWTck46t0YN\npvQ132qU0xCd37vA0PaJ3Gw9Ssg2rp1oIsnP486h2t7xoZfqvti0F5lXGpZUc7H/\nbuDOejHaMnfq6IIK1sfFcGytkDpvA+uDiP6HiuW9PI6EYqMGkT1O0Chse/1UmaQB\nBkNQqhFXY8QtuNiTDdbNegK+mlFnH16jAkQEp7CzgTgUD6erztpE3ZhuWhfj1BIG\nhvB+2XxGt9DLqTlnPJgraU6M7Ox0xSWchPHkTrDlbyq3kW530uRYdMbE94rjto0h\nZAZLMcYUCXzSXE3zI5J5rwXUQz3WxWjnhppAHfcyz5+DMN/lh1akRlTNtvhaYXJK\noRC4mrdqc20/YUT8PINhIbjVWok8DTMwz6Ik/0fJ84kpjB620AUUhBgEml0CAwEA\nAQKCAgAH+5NEXkoVmKnNQVH6SKoH3t4RzMQ0Nn+B0p9xuqoWFbjsIPsniCoV8BY7\nOs5dFSTt/FNVQalwn+cVJWACd8W9sO/eTa+FQyRf89o7m6xOWC0ymxbS1kv2C+QS\nrNwoq8c63FhFSD2r6GKRfA+o7Jk5e/KpEd9lLSuAYHgJMJBLnKs8YA4BQe2t+auY\nmmZxPrGuxXZgJWoCl5NJo0+nvrw/QJ4VvTUu2hPQpP+1dabY1S5JxY1uVU0gr2f7\nNkqfFrKt92SMfv/k/vRqTvtpgvQgt/DZCHQMGYilfucPhBSIx7nfh6qB064To9/Q\nr28ogoUws1mSUzAfWoFUVGsfSdgvgP3X22niF+fkDWjETo3+SO2gySfhn5thkEO1\n9wCAH86FARptgww5rJwN2XxC8Ux7VHMoyHgkRnUq9YmnCIdbr4dvVyczqwKcW7jK\nG3fark5r+MCDqQO6QWC54lNtTTgNcitJIgDcNW8IFWBJPIx2mECtyK1HEjmX7i29\nmBQXxap99gdkIaYx4CDQJlygV5e/BPrdPD2JRiGvthO3an23FwLcq/Mbaaz1WHqe\nxhB8sRV8JezELrXkiD7M5f5kiRl/hNPF2+3THboqpoeAlF3xhE0Q2gGz6cThv+Kw\nHXjgvXJr8BcWPqYKY4WwqqTI+OOgGNF9qNYjI/sw+6kg8d+FqwKCAQEAyktYixfL\nmz7QR7BOlFL2mwnKB8g4uH8Li7d/YR59ZiTdkxVrmRZZ2h3JJ0s+lFJo3GAtfkg1\nGhXUFwx0VTfg0Svsu5py+IiobRV2gv1Tmewf6H1y+tw3oauGbPr+hoJkFoSEUt2G\nc9MVL7km4POvGV/ZXiocR3ORIMcoRRCrtwtZDWWoNjNTeMX2ET1duMxzPiKcYQVc\nSkmLhbTfWy2yPtLxsVO9S4rQApY5z+EeOQ79lu2DyJu23vgMubUXkVwTu5+gYZy9\nBesRLkwWEeRV5VJbImIj9sdS9YQE22KYmQ97drNiTpy5YMDsMkC8PwvtnUxtkWoS\nTVlZMTakbhQq9wKCAQEA2/zzGbtXASOJD0Pcz+klehY+wgT1IIbLWzagp5SQK7U/\ndUyng3Czu2bBFEFw8Zfhmz/G6xGKPwZPRZiFvwMUp0daIhIJeG/ZSwNKrO0DHBt8\nZfTNx8FxWdzABsSrmgHNr01fX/X/NCqZDVDsyfat01KC8d4N5dnOAyUSbp9mVBqt\nLza0oTuR2o06PsuMxVBJoSF7NKQV83wrEEI6gwPOMDYN0SWIuGxWPigWecETE2M2\n1TvGOkegZDNj74Xr6Ma5sSarawLRSjI7O/BQ7+MjCrsHXojXUGaf3GciNhQ6PzMG\n1+/bQNsZOHdeu1EqmEEth3qiDbY0sXr8AgEfrJ8cSwKCAQAVp0EACnkB0hRrSATx\nPXwmFkMo2BayMO8kcmzREXlswI9zGfzdcxYFEeEhMp2tNLECvczA0qvUcfe0y+F7\n6bJH0YLShfK+hao5mu2HkeQr+qljsmHnVkEiLgECk09BSJ28B00+rXWh2jtPU2tE\n8vCQL8FNogZK46TqNEcsNV+cBTvwAiyiOJY7vDzdlYr9p+zB/uRsQi2hygOEOVsb\nIGYO8XdresItXttrG3dut/MLOn6MdDoB9CD79uMt0aOHLKr0D18Uc7mL86BwKzbF\njYJgPJOCt6yP0sAfhZUbgo9A+vZFO2hPb9kr8RqXOnSr7vPtPWwQ/6Cb5O92JBov\nqjr7AoIBAHb2IsAXfsUu4j9PA2mrOoj63pUs+SHNwspgkCAPRqdcLCTSfwOlPoxo\n1KCPgvQine3GX1te8NOEJfoMsMbKc7DB9QvXlSd71JWsAgXhZX0dn/fCmkUbZqCh\nr3X5hJKTxxa1UI4kCQ28u2doC6RrsTRFumnxGrLhRXaN5ZnMuRliE6UkgClwfT8i\ngAzVJhrNgAOSh32//d7dlqwEJIAU3rtTf8VJ9tVEQJ78LqtIrXgefthwqpF5ilKl\nN7WfRiNq05/ouWn07BijcUTIf/w5aAm1eha1CTqBRJF7dBSqe5URkvHS004PLWRL\nqP7CtbYACQ7qUhf4ICaZyw2KbgZ7RGECggEAUWPX35NNuBLeexOVWKZ6yOOKPRvh\nMDEQmcdoNwJS9HzY+wtsapwZ4AD0XW5iYFeLld/1kRJWYhrPB+jJaHmBIO+CLaF4\nqHs9yi7o4L4GNLFkNqT90dGQcEcDrsIF+EfRs5cavRmqHASJO9PDNVxcGZBd613L\nnGwsNqp5FfqnJow9wAHNEcE8nXlMGDUHr7oXg1KFFGHZ7e84ZBARXL/d8I/MsDe5\nrR24+Xw/+lReoOn1CM2vnPlTJBAuyWqWCrfy4RnlqpvmVSRC2/gbycJhu78vSxC/\nWsZQABflXVQye+ZrfNR26zi9v2465xuibtXiOh2HI8nB2vKPlVQBOg+3kg==\n-----END RSA PRIVATE KEY-----\n",
            "private_key_pem_pkcs8": "-----BEGIN PRIVATE KEY-----\nMIIJQQIBADANBgkqhkiG9w0BAQEFAASCCSswggknAgEAAoICAQCt1lcEALgRljbb\n/FyvoGo0j5U3Z7xfVNPWKNp5ZUDBP8GM5nZeG5z+hquvniRQFqDILV2/WdghHnh0\naAvlRXj1NkafoIsTPQClYjjcpd4Pm5XoHxW6Qf4Snc3GfbXekIPnS5crYjPRDKwo\ni0MSWm+GoN5GDZCSBJDpEp8gKaM1zMdPAbDqxVfSApm73QrmiPJjBtwygpYjb7im\nRBN8A5JvwzU8416NvRyD6xq04GzAwd79u3SnzvURcOTf6Vvb3/8JJokHUdJ9iqWO\njvgA4bqlHXARzdGv607QdBMXBZNyTjq3Rg2m9DXfapTTEJ3fu8DQ9oncbD1KyDau\nnWgiyc/jzqHa3vGhl+q+2LQXmVcallRzsf9u4M56Mdoyd+roggrWx8VwbK2QOm8D\n64OI/oeK5b08joRiowaRPU7QKGx7/VSZpAEGQ1CqEVdjxC242JMN1s16Ar6aUWcf\nXqMCRASnsLOBOBQPp6vO2kTdmG5aF+PUEgaG8H7ZfEa30MupOWc8mCtpTozs7HTF\nJZyE8eROsOVvKreRbnfS5Fh0xsT3iuO2jSFkBksxxhQJfNJcTfMjknmvBdRDPdbF\naOeGmkAd9zLPn4Mw3+WHVqRGVM22+FphckqhELiat2pzbT9hRPw8g2EhuNVaiTwN\nMzDPoiT/R8nziSmMHrbQBRSEGASaXQIDAQABAoICAAf7k0ReShWYqc1BUfpIqgfe\n3hHMxDQ2f4HSn3G6qhYVuOwg+yeIKhXwFjs6zl0VJO38U1VBqXCf5xUlYAJ3xb2w\n795Nr4VDJF/z2jubrE5YLTKbFtLWS/YL5BKs3CirxzrcWEVIPavoYpF8D6jsmTl7\n8qkR32UtK4BgeAkwkEucqzxgDgFB7a35q5iaZnE+sa7FdmAlagKXk0mjT6e+vD9A\nnhW9NS7aE9Ck/7V1ptjVLknFjW5VTSCvZ/s2Sp8Wsq33ZIx+/+T+9GpO+2mC9CC3\n8NkIdAwZiKV+5w+EFIjHud+HqoHTrhOj39CvbyiChTCzWZJTMB9agVRUax9J2C+A\n/dfbaeIX5+QNaMROjf5I7aDJJ+Gfm2GQQ7X3AIAfzoUBGm2DDDmsnA3ZfELxTHtU\ncyjIeCRGdSr1iacIh1uvh29XJzOrApxbuMobd9quTmv4wIOpA7pBYLniU21NOA1y\nK0kiANw1bwgVYEk8jHaYQK3IrUcSOZfuLb2YFBfFqn32B2QhpjHgINAmXKBXl78E\n+t08PYlGIa+2E7dqfbcXAtyr8xtprPVYep7GEHyxFXwl7MQuteSIPszl/mSJGX+E\n08Xb7dMduiqmh4CUXfGETRDaAbPpxOG/4rAdeOC9cmvwFxY+pgpjhbCqpMj446AY\n0X2o1iMj+zD7qSDx34WrAoIBAQDKS1iLF8ubPtBHsE6UUvabCcoHyDi4fwuLt39h\nHn1mJN2TFWuZFlnaHcknSz6UUmjcYC1+SDUaFdQXDHRVN+DRK+y7mnL4iKhtFXaC\n/VOZ7B/ofXL63Dehq4Zs+v6GgmQWhIRS3YZz0xUvuSbg868ZX9leKhxHc5EgxyhF\nEKu3C1kNZag2M1N4xfYRPV24zHM+IpxhBVxKSYuFtN9bLbI+0vGxU71LitACljnP\n4R45Dv2W7YPIm7be+Ay5tReRXBO7n6BhnL0F6xEuTBYR5FXlUlsiYiP2x1L1hATb\nYpiZD3t2s2JOnLlgwOwyQLw/C+2dTG2RahJNWVkxNqRuFCr3AoIBAQDb/PMZu1cB\nI4kPQ9zP6SV6Fj7CBPUghstbNqCnlJArtT91TKeDcLO7ZsEUQXDxl+GbP8brEYo/\nBk9FmIW/AxSnR1oiEgl4b9lLA0qs7QMcG3xl9M3HwXFZ3MAGxKuaAc2vTV9f9f80\nKpkNUOzJ9q3TUoLx3g3l2c4DJRJun2ZUGq0vNrShO5HajTo+y4zFUEmhIXs0pBXz\nfCsQQjqDA84wNg3RJYi4bFY+KBZ5wRMTYzbVO8Y6R6BkM2PvhevoxrmxJqtrAtFK\nMjs78FDv4yMKuwdeiNdQZp/cZyI2FDo/MwbX79tA2xk4d167USqYQS2HeqINtjSx\nevwCAR+snxxLAoIBABWnQQAKeQHSFGtIBPE9fCYWQyjYFrIw7yRybNEReWzAj3MZ\n/N1zFgUR4SEyna00sQK9zMDSq9Rx97TL4XvpskfRgtKF8r6Fqjma7YeR5Cv6qWOy\nYedWQSIuAQKTT0FInbwHTT6tdaHaO09Ta0Ty8JAvwU2iBkrjpOo0Ryw1X5wFO/AC\nLKI4lju8PN2Viv2n7MH+5GxCLaHKA4Q5WxsgZg7xd2t6wi1e22sbd2638ws6fox0\nOgH0IPv24y3Ro4csqvQPXxRzuYvzoHArNsWNgmA8k4K3rI/SwB+FlRuCj0D69kU7\naE9v2SvxGpc6dKvu8+09bBD/oJvk73YkGi+qOvsCggEAdvYiwBd+xS7iP08Daas6\niPrelSz5Ic3CymCQIA9Gp1wsJNJ/A6U+jGjUoI+C9CKd7cZfW17w04Ql+gywxspz\nsMH1C9eVJ3vUlawCBeFlfR2f98KaRRtmoKGvdfmEkpPHFrVQjiQJDby7Z2gLpGux\nNEW6afEasuFFdo3lmcy5GWITpSSAKXB9PyKADNUmGs2AA5KHfb/93t2WrAQkgBTe\nu1N/xUn21URAnvwuq0iteB5+2HCqkXmKUqU3tZ9GI2rTn+i5afTsGKNxRMh//Dlo\nCbV6FrUJOoFEkXt0FKp7lRGS8dLTTg8tZEuo/sK1tgAJDupSF/ggJpnLDYpuBntE\nYQKCAQBRY9ffk024Et57E5VYpnrI44o9G+EwMRCZx2g3AlL0fNj7C2xqnBngAPRd\nbmJgV4uV3/WRElZiGs8H6MloeYEg74ItoXioez3KLujgvgY0sWQ2pP3R0ZBwRwOu\nwgX4R9Gzlxq9GaocBIk708M1XFwZkF3rXcucbCw2qnkV+qcmjD3AAc0RwTydeUwY\nNQevuheDUoUUYdnt7zhkEBFcv93wj8ywN7mtHbj5fD/6VF6g6fUIza+c+VMkEC7J\napYKt/LhGeWqm+ZVJELb+BvJwmG7vy9LEL9axlAAF+VdVDJ75mt81HbrOL2/bjrn\nG6Ju1eI6HYcjycHa8o+VVAE6D7eS\n-----END PRIVATE KEY-----\n",
            "public_key_fingerprint_md5": "a9:69:6e:24:75:cc:af:fc:80:74:37:1e:ec:d1:75:93",
            "public_key_fingerprint_sha256": "SHA256:eSLmBp24mJxcJS2hrB72J3BZE2vNbJ9IzTcVmGJdBy4",
            "public_key_openssh": "ssh-rsa AAAAB3NzaC1yc2EAAAADAQABAAACAQCt1lcEALgRljbb/FyvoGo0j5U3Z7xfVNPWKNp5ZUDBP8GM5nZeG5z+hquvniRQFqDILV2/WdghHnh0aAvlRXj1NkafoIsTPQClYjjcpd4Pm5XoHxW6Qf4Snc3GfbXekIPnS5crYjPRDKwoi0MSWm+GoN5GDZCSBJDpEp8gKaM1zMdPAbDqxVfSApm73QrmiPJjBtwygpYjb7imRBN8A5JvwzU8416NvRyD6xq04GzAwd79u3SnzvURcOTf6Vvb3/8JJokHUdJ9iqWOjvgA4bqlHXARzdGv607QdBMXBZNyTjq3Rg2m9DXfapTTEJ3fu8DQ9oncbD1KyDaunWgiyc/jzqHa3vGhl+q+2LQXmVcallRzsf9u4M56Mdoyd+roggrWx8VwbK2QOm8D64OI/oeK5b08joRiowaRPU7QKGx7/VSZpAEGQ1CqEVdjxC242JMN1s16Ar6aUWcfXqMCRASnsLOBOBQPp6vO2kTdmG5aF+PUEgaG8H7ZfEa30MupOWc8mCtpTozs7HTFJZyE8eROsOVvKreRbnfS5Fh0xsT3iuO2jSFkBksxxhQJfNJcTfMjknmvBdRDPdbFaOeGmkAd9zLPn4Mw3+WHVqRGVM22+FphckqhELiat2pzbT9hRPw8g2EhuNVaiTwNMzDPoiT/R8nziSmMHrbQBRSEGASaXQ==\n",
            "public_key_pem": "-----BEGIN PUBLIC KEY-----\nMIICIjANBgkqhkiG9w0BAQEFAAOCAg8AMIICCgKCAgEArdZXBAC4EZY22/xcr6Bq\nNI+VN2e8X1TT1ijaeWVAwT/BjOZ2Xhuc/oarr54kUBagyC1dv1nYIR54dGgL5UV4\n9TZGn6CLEz0ApWI43KXeD5uV6B8VukH+Ep3Nxn213pCD50uXK2Iz0QysKItDElpv\nhqDeRg2QkgSQ6RKfICmjNczHTwGw6sVX0gKZu90K5ojyYwbcMoKWI2+4pkQTfAOS\nb8M1PONejb0cg+satOBswMHe/bt0p871EXDk3+lb29//CSaJB1HSfYqljo74AOG6\npR1wEc3Rr+tO0HQTFwWTck46t0YNpvQ132qU0xCd37vA0PaJ3Gw9Ssg2rp1oIsnP\n486h2t7xoZfqvti0F5lXGpZUc7H/buDOejHaMnfq6IIK1sfFcGytkDpvA+uDiP6H\niuW9PI6EYqMGkT1O0Chse/1UmaQBBkNQqhFXY8QtuNiTDdbNegK+mlFnH16jAkQE\np7CzgTgUD6erztpE3ZhuWhfj1BIGhvB+2XxGt9DLqTlnPJgraU6M7Ox0xSWchPHk\nTrDlbyq3kW530uRYdMbE94rjto0hZAZLMcYUCXzSXE3zI5J5rwXUQz3WxWjnhppA\nHfcyz5+DMN/lh1akRlTNtvhaYXJKoRC4mrdqc20/YUT8PINhIbjVWok8DTMwz6Ik\n/0fJ84kpjB620AUUhBgEml0CAwEAAQ==\n-----END PUBLIC KEY-----\n",
            "rsa_bits": 4096
          },
          "sensitive_attributes": [
            [
              {
                "type": "get_attr",
                "value": "private_key_openssh"
              }
            ],
            [
              {
                "type": "get_attr",
                "value": "private_key_pem"
              }
            ],
            [
              {
                "type": "get_attr",
                "value": "private_key_pem_pkcs8"
              }
            ]
          ],
          "identity_schema_version": 0
        }
      ]
    }
  ],
  "check_results": null
}
